
Microsoft Visual Studio Solution File, Format Version 12.00
# Visual Studio Version 17

VisualStudioVersion = 17.12.35527.113 d17.12

MinimumVisualStudioVersion = 10.0.40219.1
Project("{FAE04EC0-301F-11D3-BF4B-00C04F79EFBC}") = "RestartOnCrash", "RestartOnCrash\RestartOnCrash.csproj", "{D4A4691F-49B8-407E-8A45-F68076430E99}"
EndProject
Global
	GlobalSection(SolutionConfigurationPlatforms) = preSolution
		Debug|Any CPU = Debug|Any CPU
		Debug|x64 = Debug|x64
		Release|Any CPU = Release|Any CPU
		Release|x64 = Release|x64
	EndGlobalSection
	GlobalSection(ProjectConfigurationPlatforms) = postSolution
		{D4A4691F-49B8-407E-8A45-F68076430E99}.Debug|Any CPU.ActiveCfg = Debug|Any CPU
		{D4A4691F-49B8-407E-8A45-F68076430E99}.Debug|Any CPU.Build.0 = Debug|Any CPU
		{D4A4691F-49B8-407E-8A45-F68076430E99}.Debug|x64.ActiveCfg = Debug|x64
		{D4A4691F-49B8-407E-8A45-F68076430E99}.Debug|x64.Build.0 = Debug|x64
		{D4A4691F-49B8-407E-8A45-F68076430E99}.Release|Any CPU.ActiveCfg = Release|Any CPU
		{D4A4691F-49B8-407E-8A45-F68076430E99}.Release|Any CPU.Build.0 = Release|Any CPU
		{D4A4691F-49B8-407E-8A45-F68076430E99}.Release|x64.ActiveCfg = Release|x64
		{D4A4691F-49B8-407E-8A45-F68076430E99}.Release|x64.Build.0 = Release|x64
	EndGlobalSection
	GlobalSection(SolutionProperties) = preSolution
		HideSolutionNode = FALSE
	EndGlobalSection
	GlobalSection(ExtensibilityGlobals) = postSolution
		SolutionGuid = {27683C4C-17FE-4A55-8D18-95427C9CF4B6}
	EndGlobalSection
EndGlobal
